// !$*UTF8*$!
{
	archiveVersion = 1;
	classes = {
	};
	objectVersion = 46;
	objects = {

/* Begin PBXBuildFile section */
		CA21BE211CE0A98F0086D305 /* AFHTTPSessionManager.m in Sources */ = {isa = PBXBuildFile; fileRef = CA21BE0E1CE0A98F0086D305 /* AFHTTPSessionManager.m */; };
		CA21BE221CE0A98F0086D305 /* AFNetworkReachabilityManager.m in Sources */ = {isa = PBXBuildFile; fileRef = CA21BE111CE0A98F0086D305 /* AFNetworkReachabilityManager.m */; };
		CA21BE231CE0A98F0086D305 /* AFSecurityPolicy.m in Sources */ = {isa = PBXBuildFile; fileRef = CA21BE131CE0A98F0086D305 /* AFSecurityPolicy.m */; };
		CA21BE241CE0A98F0086D305 /* AFURLRequestSerialization.m in Sources */ = {isa = PBXBuildFile; fileRef = CA21BE151CE0A98F0086D305 /* AFURLRequestSerialization.m */; };
		CA21BE251CE0A98F0086D305 /* AFURLResponseSerialization.m in Sources */ = {isa = PBXBuildFile; fileRef = CA21BE171CE0A98F0086D305 /* AFURLResponseSerialization.m */; };
		CA21BE261CE0A98F0086D305 /* AFURLSessionManager.m in Sources */ = {isa = PBXBuildFile; fileRef = CA21BE191CE0A98F0086D305 /* AFURLSessionManager.m */; };
		CA21BE271CE0A98F0086D305 /* AppDelegate.m in Sources */ = {isa = PBXBuildFile; fileRef = CA21BE1D1CE0A98F0086D305 /* AppDelegate.m */; };
		CA21BE291CE0A98F0086D305 /* main.m in Sources */ = {isa = PBXBuildFile; fileRef = CA21BE1F1CE0A98F0086D305 /* main.m */; };
		CA21BE301CE0C1610086D305 /* ACTabBarController.m in Sources */ = {isa = PBXBuildFile; fileRef = CA21BE2F1CE0C1610086D305 /* ACTabBarController.m */; };
		CA21BE331CE0C1F40086D305 /* ACHomePageViewController.m in Sources */ = {isa = PBXBuildFile; fileRef = CA21BE321CE0C1F40086D305 /* ACHomePageViewController.m */; };
		CA21BE361CE0C24E0086D305 /* ACChannelViewController.m in Sources */ = {isa = PBXBuildFile; fileRef = CA21BE351CE0C24E0086D305 /* ACChannelViewController.m */; };
		CA21BE391CE0C2740086D305 /* ACAttentionViewController.m in Sources */ = {isa = PBXBuildFile; fileRef = CA21BE381CE0C2740086D305 /* ACAttentionViewController.m */; };
		CA21BE3C1CE0C2970086D305 /* ACMineViewController.m in Sources */ = {isa = PBXBuildFile; fileRef = CA21BE3B1CE0C2970086D305 /* ACMineViewController.m */; };
		CA21BE3F1CE0C8230086D305 /* Const.m in Sources */ = {isa = PBXBuildFile; fileRef = CA21BE3E1CE0C8230086D305 /* Const.m */; };
		CA21BE441CE0D0340086D305 /* ACNavigationController.m in Sources */ = {isa = PBXBuildFile; fileRef = CA21BE431CE0D0340086D305 /* ACNavigationController.m */; };
		CA21BE461CE1EF4A0086D305 /* Assets.xcassets in Resources */ = {isa = PBXBuildFile; fileRef = CA21BE451CE1EF4A0086D305 /* Assets.xcassets */; };
		CA21BE4D1CE1F2F10086D305 /* UIImage+OriginImage.m in Sources */ = {isa = PBXBuildFile; fileRef = CA21BE4C1CE1F2F10086D305 /* UIImage+OriginImage.m */; };
		CA25BA101CE609860089E8D1 /* ACTabBar.m in Sources */ = {isa = PBXBuildFile; fileRef = CA25BA0F1CE609860089E8D1 /* ACTabBar.m */; };
		CA25BA131CE61B050089E8D1 /* ACTabBarButton.m in Sources */ = {isa = PBXBuildFile; fileRef = CA25BA121CE61B050089E8D1 /* ACTabBarButton.m */; };
		CAAC98971CDE384B002DAA3E /* Main.storyboard in Resources */ = {isa = PBXBuildFile; fileRef = CAAC98951CDE384B002DAA3E /* Main.storyboard */; };
		CAAC989A1CDE384B002DAA3E /* Acfun.xcdatamodeld in Sources */ = {isa = PBXBuildFile; fileRef = CAAC98981CDE384B002DAA3E /* Acfun.xcdatamodeld */; };
		CAAC989F1CDE384B002DAA3E /* LaunchScreen.storyboard in Resources */ = {isa = PBXBuildFile; fileRef = CAAC989D1CDE384B002DAA3E /* LaunchScreen.storyboard */; };
		CAAC98AA1CDE384B002DAA3E /* AcfunTests.m in Sources */ = {isa = PBXBuildFile; fileRef = CAAC98A91CDE384B002DAA3E /* AcfunTests.m */; };
		CAAC98B51CDE384B002DAA3E /* AcfunUITests.m in Sources */ = {isa = PBXBuildFile; fileRef = CAAC98B41CDE384B002DAA3E /* AcfunUITests.m */; };
		CAB0EE311CE310B000BA96BF /* UIView+frame.m in Sources */ = {isa = PBXBuildFile; fileRef = CAB0EE301CE310B000BA96BF /* UIView+frame.m */; };
		CAB0EE721CE35AB700BA96BF /* ACHomeCollectionView.m in Sources */ = {isa = PBXBuildFile; fileRef = CAB0EE711CE35AB700BA96BF /* ACHomeCollectionView.m */; };
		CAB0EE751CE35B8800BA96BF /* HomeVedioCell.m in Sources */ = {isa = PBXBuildFile; fileRef = CAB0EE741CE35B8800BA96BF /* HomeVedioCell.m */; };
		CAB0EE771CE35B9900BA96BF /* HomeVedioCell.xib in Resources */ = {isa = PBXBuildFile; fileRef = CAB0EE761CE35B9900BA96BF /* HomeVedioCell.xib */; };
		CAB0EE7E1CE36AE300BA96BF /* HomeSectionCell.m in Sources */ = {isa = PBXBuildFile; fileRef = CAB0EE7C1CE36AE300BA96BF /* HomeSectionCell.m */; };
		CAB0EE7F1CE36AE300BA96BF /* HomeSectionCell.xib in Resources */ = {isa = PBXBuildFile; fileRef = CAB0EE7D1CE36AE300BA96BF /* HomeSectionCell.xib */; };
		CAB0EE851CE3808E00BA96BF /* HomeSectionItem.m in Sources */ = {isa = PBXBuildFile; fileRef = CAB0EE841CE3808E00BA96BF /* HomeSectionItem.m */; };
		CD5B1D47995321BF6E8CAFF7 /* libPods.a in Frameworks */ = {isa = PBXBuildFile; fileRef = 9876300D659BABEF113B5318 /* libPods.a */; };
/* End PBXBuildFile section */

/* Begin PBXContainerItemProxy section */
		CAAC98A61CDE384B002DAA3E /* PBXContainerItemProxy */ = {
			isa = PBXContainerItemProxy;
			containerPortal = CAAC98811CDE384B002DAA3E /* Project object */;
			proxyType = 1;
			remoteGlobalIDString = CAAC98881CDE384B002DAA3E;
			remoteInfo = Acfun;
		};
		CAAC98B11CDE384B002DAA3E /* PBXContainerItemProxy */ = {
			isa = PBXContainerItemProxy;
			containerPortal = CAAC98811CDE384B002DAA3E /* Project object */;
			proxyType = 1;
			remoteGlobalIDString = CAAC98881CDE384B002DAA3E;
			remoteInfo = Acfun;
		};
/* End PBXContainerItemProxy section */

/* Begin PBXFileReference section */
		5DFCBD9CC4E6EBF75943DF8E /* Pods.release.xcconfig */ = {isa = PBXFileReference; includeInIndex = 1; lastKnownFileType = text.xcconfig; name = Pods.release.xcconfig; path = "Pods/Target Support Files/Pods/Pods.release.xcconfig"; sourceTree = "<group>"; };
		9876300D659BABEF113B5318 /* libPods.a */ = {isa = PBXFileReference; explicitFileType = archive.ar; includeInIndex = 0; path = libPods.a; sourceTree = BUILT_PRODUCTS_DIR; };
		CA21BE0D1CE0A98F0086D305 /* AFHTTPSessionManager.h */ = {isa = PBXFileReference; fileEncoding = 4; lastKnownFileType = sourcecode.c.h; path = AFHTTPSessionManager.h; sourceTree = "<group>"; };
		CA21BE0E1CE0A98F0086D305 /* AFHTTPSessionManager.m */ = {isa = PBXFileReference; fileEncoding = 4; lastKnownFileType = sourcecode.c.objc; path = AFHTTPSessionManager.m; sourceTree = "<group>"; };
		CA21BE0F1CE0A98F0086D305 /* AFNetworking.h */ = {isa = PBXFileReference; fileEncoding = 4; lastKnownFileType = sourcecode.c.h; path = AFNetworking.h; sourceTree = "<group>"; };
		CA21BE101CE0A98F0086D305 /* AFNetworkReachabilityManager.h */ = {isa = PBXFileReference; fileEncoding = 4; lastKnownFileType = sourcecode.c.h; path = AFNetworkReachabilityManager.h; sourceTree = "<group>"; };
		CA21BE111CE0A98F0086D305 /* AFNetworkReachabilityManager.m */ = {isa = PBXFileReference; fileEncoding = 4; lastKnownFileType = sourcecode.c.objc; path = AFNetworkReachabilityManager.m; sourceTree = "<group>"; };
		CA21BE121CE0A98F0086D305 /* AFSecurityPolicy.h */ = {isa = PBXFileReference; fileEncoding = 4; lastKnownFileType = sourcecode.c.h; path = AFSecurityPolicy.h; sourceTree = "<group>"; };
		CA21BE131CE0A98F0086D305 /* AFSecurityPolicy.m */ = {isa = PBXFileReference; fileEncoding = 4; lastKnownFileType = sourcecode.c.objc; path = AFSecurityPolicy.m; sourceTree = "<group>"; };
		CA21BE141CE0A98F0086D305 /* AFURLRequestSerialization.h */ = {isa = PBXFileReference; fileEncoding = 4; lastKnownFileType = sourcecode.c.h; path = AFURLRequestSerialization.h; sourceTree = "<group>"; };
		CA21BE151CE0A98F0086D305 /* AFURLRequestSerialization.m */ = {isa = PBXFileReference; fileEncoding = 4; lastKnownFileType = sourcecode.c.objc; path = AFURLRequestSerialization.m; sourceTree = "<group>"; };
		CA21BE161CE0A98F0086D305 /* AFURLResponseSerialization.h */ = {isa = PBXFileReference; fileEncoding = 4; lastKnownFileType = sourcecode.c.h; path = AFURLResponseSerialization.h; sourceTree = "<group>"; };
		CA21BE171CE0A98F0086D305 /* AFURLResponseSerialization.m */ = {isa = PBXFileReference; fileEncoding = 4; lastKnownFileType = sourcecode.c.objc; path = AFURLResponseSerialization.m; sourceTree = "<group>"; };
		CA21BE181CE0A98F0086D305 /* AFURLSessionManager.h */ = {isa = PBXFileReference; fileEncoding = 4; lastKnownFileType = sourcecode.c.h; path = AFURLSessionManager.h; sourceTree = "<group>"; };
		CA21BE191CE0A98F0086D305 /* AFURLSessionManager.m */ = {isa = PBXFileReference; fileEncoding = 4; lastKnownFileType = sourcecode.c.objc; path = AFURLSessionManager.m; sourceTree = "<group>"; };
		CA21BE1C1CE0A98F0086D305 /* AppDelegate.h */ = {isa = PBXFileReference; fileEncoding = 4; lastKnownFileType = sourcecode.c.h; path = AppDelegate.h; sourceTree = "<group>"; };
		CA21BE1D1CE0A98F0086D305 /* AppDelegate.m */ = {isa = PBXFileReference; fileEncoding = 4; lastKnownFileType = sourcecode.c.objc; path = AppDelegate.m; sourceTree = "<group>"; };
		CA21BE1E1CE0A98F0086D305 /* Info.plist */ = {isa = PBXFileReference; fileEncoding = 4; lastKnownFileType = text.plist.xml; path = Info.plist; sourceTree = "<group>"; };
		CA21BE1F1CE0A98F0086D305 /* main.m */ = {isa = PBXFileReference; fileEncoding = 4; lastKnownFileType = sourcecode.c.objc; path = main.m; sourceTree = "<group>"; };
		CA21BE2E1CE0C1610086D305 /* ACTabBarController.h */ = {isa = PBXFileReference; fileEncoding = 4; lastKnownFileType = sourcecode.c.h; path = ACTabBarController.h; sourceTree = "<group>"; };
		CA21BE2F1CE0C1610086D305 /* ACTabBarController.m */ = {isa = PBXFileReference; fileEncoding = 4; lastKnownFileType = sourcecode.c.objc; path = ACTabBarController.m; sourceTree = "<group>"; };
		CA21BE311CE0C1F40086D305 /* ACHomePageViewController.h */ = {isa = PBXFileReference; fileEncoding = 4; lastKnownFileType = sourcecode.c.h; path = ACHomePageViewController.h; sourceTree = "<group>"; };
		CA21BE321CE0C1F40086D305 /* ACHomePageViewController.m */ = {isa = PBXFileReference; fileEncoding = 4; lastKnownFileType = sourcecode.c.objc; path = ACHomePageViewController.m; sourceTree = "<group>"; };
		CA21BE341CE0C24E0086D305 /* ACChannelViewController.h */ = {isa = PBXFileReference; fileEncoding = 4; lastKnownFileType = sourcecode.c.h; path = ACChannelViewController.h; sourceTree = "<group>"; };
		CA21BE351CE0C24E0086D305 /* ACChannelViewController.m */ = {isa = PBXFileReference; fileEncoding = 4; lastKnownFileType = sourcecode.c.objc; path = ACChannelViewController.m; sourceTree = "<group>"; };
		CA21BE371CE0C2740086D305 /* ACAttentionViewController.h */ = {isa = PBXFileReference; fileEncoding = 4; lastKnownFileType = sourcecode.c.h; path = ACAttentionViewController.h; sourceTree = "<group>"; };
		CA21BE381CE0C2740086D305 /* ACAttentionViewController.m */ = {isa = PBXFileReference; fileEncoding = 4; lastKnownFileType = sourcecode.c.objc; path = ACAttentionViewController.m; sourceTree = "<group>"; };
		CA21BE3A1CE0C2970086D305 /* ACMineViewController.h */ = {isa = PBXFileReference; fileEncoding = 4; lastKnownFileType = sourcecode.c.h; path = ACMineViewController.h; sourceTree = "<group>"; };
		CA21BE3B1CE0C2970086D305 /* ACMineViewController.m */ = {isa = PBXFileReference; fileEncoding = 4; lastKnownFileType = sourcecode.c.objc; path = ACMineViewController.m; sourceTree = "<group>"; };
		CA21BE3D1CE0C8230086D305 /* Const.h */ = {isa = PBXFileReference; fileEncoding = 4; lastKnownFileType = sourcecode.c.h; path = Const.h; sourceTree = "<group>"; };
		CA21BE3E1CE0C8230086D305 /* Const.m */ = {isa = PBXFileReference; fileEncoding = 4; lastKnownFileType = sourcecode.c.objc; path = Const.m; sourceTree = "<group>"; };
		CA21BE401CE0CB770086D305 /* ACfun.pch */ = {isa = PBXFileReference; fileEncoding = 4; lastKnownFileType = sourcecode.c.h; path = ACfun.pch; sourceTree = "<group>"; };
		CA21BE421CE0D0340086D305 /* ACNavigationController.h */ = {isa = PBXFileReference; fileEncoding = 4; lastKnownFileType = sourcecode.c.h; path = ACNavigationController.h; sourceTree = "<group>"; };
		CA21BE431CE0D0340086D305 /* ACNavigationController.m */ = {isa = PBXFileReference; fileEncoding = 4; lastKnownFileType = sourcecode.c.objc; path = ACNavigationController.m; sourceTree = "<group>"; };
		CA21BE451CE1EF4A0086D305 /* Assets.xcassets */ = {isa = PBXFileReference; lastKnownFileType = folder.assetcatalog; path = Assets.xcassets; sourceTree = "<group>"; };
		CA21BE4B1CE1F2F10086D305 /* UIImage+OriginImage.h */ = {isa = PBXFileReference; fileEncoding = 4; lastKnownFileType = sourcecode.c.h; path = "UIImage+OriginImage.h"; sourceTree = "<group>"; };
		CA21BE4C1CE1F2F10086D305 /* UIImage+OriginImage.m */ = {isa = PBXFileReference; fileEncoding = 4; lastKnownFileType = sourcecode.c.objc; path = "UIImage+OriginImage.m"; sourceTree = "<group>"; };
		CA25BA0E1CE609860089E8D1 /* ACTabBar.h */ = {isa = PBXFileReference; fileEncoding = 4; lastKnownFileType = sourcecode.c.h; name = ACTabBar.h; path = ../../HomePage/View/ACTabBar.h; sourceTree = "<group>"; };
		CA25BA0F1CE609860089E8D1 /* ACTabBar.m */ = {isa = PBXFileReference; fileEncoding = 4; lastKnownFileType = sourcecode.c.objc; name = ACTabBar.m; path = ../../HomePage/View/ACTabBar.m; sourceTree = "<group>"; };
		CA25BA111CE61B050089E8D1 /* ACTabBarButton.h */ = {isa = PBXFileReference; fileEncoding = 4; lastKnownFileType = sourcecode.c.h; path = ACTabBarButton.h; sourceTree = "<group>"; };
		CA25BA121CE61B050089E8D1 /* ACTabBarButton.m */ = {isa = PBXFileReference; fileEncoding = 4; lastKnownFileType = sourcecode.c.objc; path = ACTabBarButton.m; sourceTree = "<group>"; };
		CAAC98891CDE384B002DAA3E /* Acfun.app */ = {isa = PBXFileReference; explicitFileType = wrapper.application; includeInIndex = 0; path = Acfun.app; sourceTree = BUILT_PRODUCTS_DIR; };
		CAAC98961CDE384B002DAA3E /* Base */ = {isa = PBXFileReference; lastKnownFileType = file.storyboard; name = Base; path = Base.lproj/Main.storyboard; sourceTree = "<group>"; };
		CAAC98991CDE384B002DAA3E /* Acfun.xcdatamodel */ = {isa = PBXFileReference; lastKnownFileType = wrapper.xcdatamodel; path = Acfun.xcdatamodel; sourceTree = "<group>"; };
		CAAC989E1CDE384B002DAA3E /* Base */ = {isa = PBXFileReference; lastKnownFileType = file.storyboard; name = Base; path = Base.lproj/LaunchScreen.storyboard; sourceTree = "<group>"; };
		CAAC98A51CDE384B002DAA3E /* AcfunTests.xctest */ = {isa = PBXFileReference; explicitFileType = wrapper.cfbundle; includeInIndex = 0; path = AcfunTests.xctest; sourceTree = BUILT_PRODUCTS_DIR; };
		CAAC98A91CDE384B002DAA3E /* AcfunTests.m */ = {isa = PBXFileReference; lastKnownFileType = sourcecode.c.objc; path = AcfunTests.m; sourceTree = "<group>"; };
		CAAC98AB1CDE384B002DAA3E /* Info.plist */ = {isa = PBXFileReference; lastKnownFileType = text.plist.xml; path = Info.plist; sourceTree = "<group>"; };
		CAAC98B01CDE384B002DAA3E /* AcfunUITests.xctest */ = {isa = PBXFileReference; explicitFileType = wrapper.cfbundle; includeInIndex = 0; path = AcfunUITests.xctest; sourceTree = BUILT_PRODUCTS_DIR; };
		CAAC98B41CDE384B002DAA3E /* AcfunUITests.m */ = {isa = PBXFileReference; lastKnownFileType = sourcecode.c.objc; path = AcfunUITests.m; sourceTree = "<group>"; };
		CAAC98B61CDE384B002DAA3E /* Info.plist */ = {isa = PBXFileReference; lastKnownFileType = text.plist.xml; path = Info.plist; sourceTree = "<group>"; };
		CAB0EE2F1CE310B000BA96BF /* UIView+frame.h */ = {isa = PBXFileReference; fileEncoding = 4; lastKnownFileType = sourcecode.c.h; path = "UIView+frame.h"; sourceTree = "<group>"; };
		CAB0EE301CE310B000BA96BF /* UIView+frame.m */ = {isa = PBXFileReference; fileEncoding = 4; lastKnownFileType = sourcecode.c.objc; path = "UIView+frame.m"; sourceTree = "<group>"; };
		CAB0EE701CE35AB700BA96BF /* ACHomeCollectionView.h */ = {isa = PBXFileReference; fileEncoding = 4; lastKnownFileType = sourcecode.c.h; path = ACHomeCollectionView.h; sourceTree = "<group>"; };
		CAB0EE711CE35AB700BA96BF /* ACHomeCollectionView.m */ = {isa = PBXFileReference; fileEncoding = 4; lastKnownFileType = sourcecode.c.objc; path = ACHomeCollectionView.m; sourceTree = "<group>"; };
		CAB0EE731CE35B8800BA96BF /* HomeVedioCell.h */ = {isa = PBXFileReference; fileEncoding = 4; lastKnownFileType = sourcecode.c.h; path = HomeVedioCell.h; sourceTree = "<group>"; };
		CAB0EE741CE35B8800BA96BF /* HomeVedioCell.m */ = {isa = PBXFileReference; fileEncoding = 4; lastKnownFileType = sourcecode.c.objc; path = HomeVedioCell.m; sourceTree = "<group>"; };
		CAB0EE761CE35B9900BA96BF /* HomeVedioCell.xib */ = {isa = PBXFileReference; fileEncoding = 4; lastKnownFileType = file.xib; path = HomeVedioCell.xib; sourceTree = "<group>"; };
		CAB0EE7B1CE36AE300BA96BF /* HomeSectionCell.h */ = {isa = PBXFileReference; fileEncoding = 4; lastKnownFileType = sourcecode.c.h; path = HomeSectionCell.h; sourceTree = "<group>"; };
		CAB0EE7C1CE36AE300BA96BF /* HomeSectionCell.m */ = {isa = PBXFileReference; fileEncoding = 4; lastKnownFileType = sourcecode.c.objc; path = HomeSectionCell.m; sourceTree = "<group>"; };
		CAB0EE7D1CE36AE300BA96BF /* HomeSectionCell.xib */ = {isa = PBXFileReference; fileEncoding = 4; lastKnownFileType = file.xib; path = HomeSectionCell.xib; sourceTree = "<group>"; };
		CAB0EE831CE3808E00BA96BF /* HomeSectionItem.h */ = {isa = PBXFileReference; fileEncoding = 4; lastKnownFileType = sourcecode.c.h; path = HomeSectionItem.h; sourceTree = "<group>"; };
		CAB0EE841CE3808E00BA96BF /* HomeSectionItem.m */ = {isa = PBXFileReference; fileEncoding = 4; lastKnownFileType = sourcecode.c.objc; path = HomeSectionItem.m; sourceTree = "<group>"; };
		DBEE0FFF252A53EB857A5CC0 /* Pods.debug.xcconfig */ = {isa = PBXFileReference; includeInIndex = 1; lastKnownFileType = text.xcconfig; name = Pods.debug.xcconfig; path = "Pods/Target Support Files/Pods/Pods.debug.xcconfig"; sourceTree = "<group>"; };
/* End PBXFileReference section */

/* Begin PBXFrameworksBuildPhase section */
		CAAC98861CDE384B002DAA3E /* Frameworks */ = {
			isa = PBXFrameworksBuildPhase;
			buildActionMask = 2147483647;
			files = (
				CD5B1D47995321BF6E8CAFF7 /* libPods.a in Frameworks */,
			);
			runOnlyForDeploymentPostprocessing = 0;
		};
		CAAC98A21CDE384B002DAA3E /* Frameworks */ = {
			isa = PBXFrameworksBuildPhase;
			buildActionMask = 2147483647;
			files = (
			);
			runOnlyForDeploymentPostprocessing = 0;
		};
		CAAC98AD1CDE384B002DAA3E /* Frameworks */ = {
			isa = PBXFrameworksBuildPhase;
			buildActionMask = 2147483647;
			files = (
			);
			runOnlyForDeploymentPostprocessing = 0;
		};
/* End PBXFrameworksBuildPhase section */

/* Begin PBXGroup section */
		97FE608E9AB856A6C6BB3E20 /* Pods */ = {
			isa = PBXGroup;
			children = (
				DBEE0FFF252A53EB857A5CC0 /* Pods.debug.xcconfig */,
				5DFCBD9CC4E6EBF75943DF8E /* Pods.release.xcconfig */,
			);
			name = Pods;
			sourceTree = "<group>";
		};
		CA21BDF91CE0A98F0086D305 /* Classes */ = {
			isa = PBXGroup;
			children = (
				CA21BE021CE0A98F0086D305 /* HomePage */,
				CA21BDFE1CE0A98F0086D305 /* Channel */,
				CA21BDFA1CE0A98F0086D305 /* Attention */,
				CA21BE061CE0A98F0086D305 /* Mine */,
				CA21BE0A1CE0A98F0086D305 /* Others */,
				CA21BE2A1CE0C1220086D305 /* Main */,
			);
			path = Classes;
			sourceTree = "<group>";
		};
		CA21BDFA1CE0A98F0086D305 /* Attention */ = {
			isa = PBXGroup;
			children = (
				CA21BDFB1CE0A98F0086D305 /* Controller */,
				CA21BDFC1CE0A98F0086D305 /* Model */,
				CA21BDFD1CE0A98F0086D305 /* View */,
			);
			path = Attention;
			sourceTree = "<group>";
		};
		CA21BDFB1CE0A98F0086D305 /* Controller */ = {
			isa = PBXGroup;
			children = (
				CA21BE371CE0C2740086D305 /* ACAttentionViewController.h */,
				CA21BE381CE0C2740086D305 /* ACAttentionViewController.m */,
			);
			path = Controller;
			sourceTree = "<group>";
		};
		CA21BDFC1CE0A98F0086D305 /* Model */ = {
			isa = PBXGroup;
			children = (
			);
			path = Model;
			sourceTree = "<group>";
		};
		CA21BDFD1CE0A98F0086D305 /* View */ = {
			isa = PBXGroup;
			children = (
			);
			path = View;
			sourceTree = "<group>";
		};
		CA21BDFE1CE0A98F0086D305 /* Channel */ = {
			isa = PBXGroup;
			children = (
				CA21BDFF1CE0A98F0086D305 /* Controller */,
				CA21BE001CE0A98F0086D305 /* Model */,
				CA21BE011CE0A98F0086D305 /* View */,
			);
			path = Channel;
			sourceTree = "<group>";
		};
		CA21BDFF1CE0A98F0086D305 /* Controller */ = {
			isa = PBXGroup;
			children = (
				CA21BE341CE0C24E0086D305 /* ACChannelViewController.h */,
				CA21BE351CE0C24E0086D305 /* ACChannelViewController.m */,
			);
			path = Controller;
			sourceTree = "<group>";
		};
		CA21BE001CE0A98F0086D305 /* Model */ = {
			isa = PBXGroup;
			children = (
			);
			path = Model;
			sourceTree = "<group>";
		};
		CA21BE011CE0A98F0086D305 /* View */ = {
			isa = PBXGroup;
			children = (
			);
			path = View;
			sourceTree = "<group>";
		};
		CA21BE021CE0A98F0086D305 /* HomePage */ = {
			isa = PBXGroup;
			children = (
				CA21BE031CE0A98F0086D305 /* Controller */,
				CA21BE041CE0A98F0086D305 /* Model */,
				CA21BE051CE0A98F0086D305 /* View */,
			);
			path = HomePage;
			sourceTree = "<group>";
		};
		CA21BE031CE0A98F0086D305 /* Controller */ = {
			isa = PBXGroup;
			children = (
				CA21BE311CE0C1F40086D305 /* ACHomePageViewController.h */,
				CA21BE321CE0C1F40086D305 /* ACHomePageViewController.m */,
			);
			path = Controller;
			sourceTree = "<group>";
		};
		CA21BE041CE0A98F0086D305 /* Model */ = {
			isa = PBXGroup;
			children = (
				CAB0EE831CE3808E00BA96BF /* HomeSectionItem.h */,
				CAB0EE841CE3808E00BA96BF /* HomeSectionItem.m */,
			);
			path = Model;
			sourceTree = "<group>";
		};
		CA21BE051CE0A98F0086D305 /* View */ = {
			isa = PBXGroup;
			children = (
				CAB0EE701CE35AB700BA96BF /* ACHomeCollectionView.h */,
				CAB0EE711CE35AB700BA96BF /* ACHomeCollectionView.m */,
				CAB0EE731CE35B8800BA96BF /* HomeVedioCell.h */,
				CAB0EE741CE35B8800BA96BF /* HomeVedioCell.m */,
				CAB0EE761CE35B9900BA96BF /* HomeVedioCell.xib */,
				CAB0EE7B1CE36AE300BA96BF /* HomeSectionCell.h */,
				CAB0EE7C1CE36AE300BA96BF /* HomeSectionCell.m */,
				CAB0EE7D1CE36AE300BA96BF /* HomeSectionCell.xib */,
			);
			path = View;
			sourceTree = "<group>";
		};
		CA21BE061CE0A98F0086D305 /* Mine */ = {
			isa = PBXGroup;
			children = (
				CA21BE071CE0A98F0086D305 /* Controller */,
				CA21BE081CE0A98F0086D305 /* Model */,
				CA21BE091CE0A98F0086D305 /* View */,
			);
			path = Mine;
			sourceTree = "<group>";
		};
		CA21BE071CE0A98F0086D305 /* Controller */ = {
			isa = PBXGroup;
			children = (
				CA21BE3A1CE0C2970086D305 /* ACMineViewController.h */,
				CA21BE3B1CE0C2970086D305 /* ACMineViewController.m */,
			);
			path = Controller;
			sourceTree = "<group>";
		};
		CA21BE081CE0A98F0086D305 /* Model */ = {
			isa = PBXGroup;
			children = (
			);
			path = Model;
			sourceTree = "<group>";
		};
		CA21BE091CE0A98F0086D305 /* View */ = {
			isa = PBXGroup;
			children = (
			);
			path = View;
			sourceTree = "<group>";
		};
		CA21BE0A1CE0A98F0086D305 /* Others */ = {
			isa = PBXGroup;
			children = (
				CA21BE471CE1F2AC0086D305 /* Categorys */,
				CA21BE0B1CE0A98F0086D305 /* Libs */,
				CA21BE1A1CE0A98F0086D305 /* Static */,
				CA21BE1B1CE0A98F0086D305 /* System */,
				CA21BE201CE0A98F0086D305 /* Tools */,
			);
			path = Others;
			sourceTree = "<group>";
		};
		CA21BE0B1CE0A98F0086D305 /* Libs */ = {
			isa = PBXGroup;
			children = (
				CA21BE0C1CE0A98F0086D305 /* AFNetworking */,
			);
			path = Libs;
			sourceTree = "<group>";
		};
		CA21BE0C1CE0A98F0086D305 /* AFNetworking */ = {
			isa = PBXGroup;
			children = (
				CA21BE0D1CE0A98F0086D305 /* AFHTTPSessionManager.h */,
				CA21BE0E1CE0A98F0086D305 /* AFHTTPSessionManager.m */,
				CA21BE0F1CE0A98F0086D305 /* AFNetworking.h */,
				CA21BE101CE0A98F0086D305 /* AFNetworkReachabilityManager.h */,
				CA21BE111CE0A98F0086D305 /* AFNetworkReachabilityManager.m */,
				CA21BE121CE0A98F0086D305 /* AFSecurityPolicy.h */,
				CA21BE131CE0A98F0086D305 /* AFSecurityPolicy.m */,
				CA21BE141CE0A98F0086D305 /* AFURLRequestSerialization.h */,
				CA21BE151CE0A98F0086D305 /* AFURLRequestSerialization.m */,
				CA21BE161CE0A98F0086D305 /* AFURLResponseSerialization.h */,
				CA21BE171CE0A98F0086D305 /* AFURLResponseSerialization.m */,
				CA21BE181CE0A98F0086D305 /* AFURLSessionManager.h */,
				CA21BE191CE0A98F0086D305 /* AFURLSessionManager.m */,
			);
			path = AFNetworking;
			sourceTree = "<group>";
		};
		CA21BE1A1CE0A98F0086D305 /* Static */ = {
			isa = PBXGroup;
			children = (
				CA21BE3D1CE0C8230086D305 /* Const.h */,
				CA21BE3E1CE0C8230086D305 /* Const.m */,
				CA21BE401CE0CB770086D305 /* ACfun.pch */,
			);
			path = Static;
			sourceTree = "<group>";
		};
		CA21BE1B1CE0A98F0086D305 /* System */ = {
			isa = PBXGroup;
			children = (
				CA21BE1C1CE0A98F0086D305 /* AppDelegate.h */,
				CA21BE1D1CE0A98F0086D305 /* AppDelegate.m */,
				CA21BE1E1CE0A98F0086D305 /* Info.plist */,
				CA21BE1F1CE0A98F0086D305 /* main.m */,
			);
			path = System;
			sourceTree = "<group>";
		};
		CA21BE201CE0A98F0086D305 /* Tools */ = {
			isa = PBXGroup;
			children = (
			);
			path = Tools;
			sourceTree = "<group>";
		};
		CA21BE2A1CE0C1220086D305 /* Main */ = {
			isa = PBXGroup;
			children = (
				CA21BE2B1CE0C1220086D305 /* Controller */,
				CA21BE2C1CE0C1220086D305 /* Model */,
				CA21BE2D1CE0C1220086D305 /* View */,
			);
			path = Main;
			sourceTree = "<group>";
		};
		CA21BE2B1CE0C1220086D305 /* Controller */ = {
			isa = PBXGroup;
			children = (
				CA21BE2E1CE0C1610086D305 /* ACTabBarController.h */,
				CA21BE2F1CE0C1610086D305 /* ACTabBarController.m */,
				CA21BE421CE0D0340086D305 /* ACNavigationController.h */,
				CA21BE431CE0D0340086D305 /* ACNavigationController.m */,
			);
			path = Controller;
			sourceTree = "<group>";
		};
		CA21BE2C1CE0C1220086D305 /* Model */ = {
			isa = PBXGroup;
			children = (
			);
			path = Model;
			sourceTree = "<group>";
		};
		CA21BE2D1CE0C1220086D305 /* View */ = {
			isa = PBXGroup;
			children = (
				CA25BA0E1CE609860089E8D1 /* ACTabBar.h */,
				CA25BA0F1CE609860089E8D1 /* ACTabBar.m */,
				CA25BA111CE61B050089E8D1 /* ACTabBarButton.h */,
				CA25BA121CE61B050089E8D1 /* ACTabBarButton.m */,
			);
			path = View;
			sourceTree = "<group>";
		};
		CA21BE471CE1F2AC0086D305 /* Categorys */ = {
			isa = PBXGroup;
			children = (
				CAB0EE2F1CE310B000BA96BF /* UIView+frame.h */,
				CAB0EE301CE310B000BA96BF /* UIView+frame.m */,
				CA21BE4B1CE1F2F10086D305 /* UIImage+OriginImage.h */,
				CA21BE4C1CE1F2F10086D305 /* UIImage+OriginImage.m */,
			);
			path = Categorys;
			sourceTree = "<group>";
		};
		CAAC98801CDE384B002DAA3E = {
			isa = PBXGroup;
			children = (
				CAAC988B1CDE384B002DAA3E /* Acfun */,
				CAAC98A81CDE384B002DAA3E /* AcfunTests */,
				CAAC98B31CDE384B002DAA3E /* AcfunUITests */,
				CAAC988A1CDE384B002DAA3E /* Products */,
				97FE608E9AB856A6C6BB3E20 /* Pods */,
				E33E47BC27EF6F610837E41F /* Frameworks */,
			);
			sourceTree = "<group>";
		};
		CAAC988A1CDE384B002DAA3E /* Products */ = {
			isa = PBXGroup;
			children = (
				CAAC98891CDE384B002DAA3E /* Acfun.app */,
				CAAC98A51CDE384B002DAA3E /* AcfunTests.xctest */,
				CAAC98B01CDE384B002DAA3E /* AcfunUITests.xctest */,
			);
			name = Products;
			sourceTree = "<group>";
		};
		CAAC988B1CDE384B002DAA3E /* Acfun */ = {
			isa = PBXGroup;
			children = (
				CA21BDF91CE0A98F0086D305 /* Classes */,
				CAAC98951CDE384B002DAA3E /* Main.storyboard */,
				CAAC989D1CDE384B002DAA3E /* LaunchScreen.storyboard */,
				CA21BE451CE1EF4A0086D305 /* Assets.xcassets */,
				CAAC98981CDE384B002DAA3E /* Acfun.xcdatamodeld */,
				CAAC988C1CDE384B002DAA3E /* Supporting Files */,
			);
			path = Acfun;
			sourceTree = "<group>";
		};
		CAAC988C1CDE384B002DAA3E /* Supporting Files */ = {
			isa = PBXGroup;
			children = (
			);
			name = "Supporting Files";
			sourceTree = "<group>";
		};
		CAAC98A81CDE384B002DAA3E /* AcfunTests */ = {
			isa = PBXGroup;
			children = (
				CAAC98A91CDE384B002DAA3E /* AcfunTests.m */,
				CAAC98AB1CDE384B002DAA3E /* Info.plist */,
			);
			path = AcfunTests;
			sourceTree = "<group>";
		};
		CAAC98B31CDE384B002DAA3E /* AcfunUITests */ = {
			isa = PBXGroup;
			children = (
				CAAC98B41CDE384B002DAA3E /* AcfunUITests.m */,
				CAAC98B61CDE384B002DAA3E /* Info.plist */,
			);
			path = AcfunUITests;
			sourceTree = "<group>";
		};
		E33E47BC27EF6F610837E41F /* Frameworks */ = {
			isa = PBXGroup;
			children = (
				9876300D659BABEF113B5318 /* libPods.a */,
			);
			name = Frameworks;
			sourceTree = "<group>";
		};
/* End PBXGroup section */

/* Begin PBXNativeTarget section */
		CAAC98881CDE384B002DAA3E /* Acfun */ = {
			isa = PBXNativeTarget;
			buildConfigurationList = CAAC98B91CDE384B002DAA3E /* Build configuration list for PBXNativeTarget "Acfun" */;
			buildPhases = (
				79B4CB8726E98960733F5577 /* Check Pods Manifest.lock */,
				CAAC98851CDE384B002DAA3E /* Sources */,
				CAAC98861CDE384B002DAA3E /* Frameworks */,
				CAAC98871CDE384B002DAA3E /* Resources */,
				24F7B8E595FDDCC960D6FB07 /* Embed Pods Frameworks */,
				C3982B7DCC96EFF8C5020DFA /* Copy Pods Resources */,
			);
			buildRules = (
			);
			dependencies = (
			);
			name = Acfun;
			productName = Acfun;
			productReference = CAAC98891CDE384B002DAA3E /* Acfun.app */;
			productType = "com.apple.product-type.application";
		};
		CAAC98A41CDE384B002DAA3E /* AcfunTests */ = {
			isa = PBXNativeTarget;
			buildConfigurationList = CAAC98BC1CDE384B002DAA3E /* Build configuration list for PBXNativeTarget "AcfunTests" */;
			buildPhases = (
				CAAC98A11CDE384B002DAA3E /* Sources */,
				CAAC98A21CDE384B002DAA3E /* Frameworks */,
				CAAC98A31CDE384B002DAA3E /* Resources */,
			);
			buildRules = (
			);
			dependencies = (
				CAAC98A71CDE384B002DAA3E /* PBXTargetDependency */,
			);
			name = AcfunTests;
			productName = AcfunTests;
			productReference = CAAC98A51CDE384B002DAA3E /* AcfunTests.xctest */;
			productType = "com.apple.product-type.bundle.unit-test";
		};
		CAAC98AF1CDE384B002DAA3E /* AcfunUITests */ = {
			isa = PBXNativeTarget;
			buildConfigurationList = CAAC98BF1CDE384B002DAA3E /* Build configuration list for PBXNativeTarget "AcfunUITests" */;
			buildPhases = (
				CAAC98AC1CDE384B002DAA3E /* Sources */,
				CAAC98AD1CDE384B002DAA3E /* Frameworks */,
				CAAC98AE1CDE384B002DAA3E /* Resources */,
			);
			buildRules = (
			);
			dependencies = (
				CAAC98B21CDE384B002DAA3E /* PBXTargetDependency */,
			);
			name = AcfunUITests;
			productName = AcfunUITests;
			productReference = CAAC98B01CDE384B002DAA3E /* AcfunUITests.xctest */;
			productType = "com.apple.product-type.bundle.ui-testing";
		};
/* End PBXNativeTarget section */

/* Begin PBXProject section */
		CAAC98811CDE384B002DAA3E /* Project object */ = {
			isa = PBXProject;
			attributes = {
				LastUpgradeCheck = 0730;
				ORGANIZATIONNAME = "黄文伟";
				TargetAttributes = {
					CAAC98881CDE384B002DAA3E = {
						CreatedOnToolsVersion = 7.3;
						DevelopmentTeam = 4NMHW46Q3L;
					};
					CAAC98A41CDE384B002DAA3E = {
						CreatedOnToolsVersion = 7.3;
						TestTargetID = CAAC98881CDE384B002DAA3E;
					};
					CAAC98AF1CDE384B002DAA3E = {
						CreatedOnToolsVersion = 7.3;
						TestTargetID = CAAC98881CDE384B002DAA3E;
					};
				};
			};
			buildConfigurationList = CAAC98841CDE384B002DAA3E /* Build configuration list for PBXProject "Acfun" */;
			compatibilityVersion = "Xcode 3.2";
			developmentRegion = English;
			hasScannedForEncodings = 0;
			knownRegions = (
				en,
				Base,
			);
			mainGroup = CAAC98801CDE384B002DAA3E;
			productRefGroup = CAAC988A1CDE384B002DAA3E /* Products */;
			projectDirPath = "";
			projectRoot = "";
			targets = (
				CAAC98881CDE384B002DAA3E /* Acfun */,
				CAAC98A41CDE384B002DAA3E /* AcfunTests */,
				CAAC98AF1CDE384B002DAA3E /* AcfunUITests */,
			);
		};
/* End PBXProject section */

/* Begin PBXResourcesBuildPhase section */
		CAAC98871CDE384B002DAA3E /* Resources */ = {
			isa = PBXResourcesBuildPhase;
			buildActionMask = 2147483647;
			files = (
				CAAC989F1CDE384B002DAA3E /* LaunchScreen.storyboard in Resources */,
				CAB0EE7F1CE36AE300BA96BF /* HomeSectionCell.xib in Resources */,
				CA21BE461CE1EF4A0086D305 /* Assets.xcassets in Resources */,
				CAB0EE771CE35B9900BA96BF /* HomeVedioCell.xib in Resources */,
				CAAC98971CDE384B002DAA3E /* Main.storyboard in Resources */,
			);
			runOnlyForDeploymentPostprocessing = 0;
		};
		CAAC98A31CDE384B002DAA3E /* Resources */ = {
			isa = PBXResourcesBuildPhase;
			buildActionMask = 2147483647;
			files = (
			);
			runOnlyForDeploymentPostprocessing = 0;
		};
		CAAC98AE1CDE384B002DAA3E /* Resources */ = {
			isa = PBXResourcesBuildPhase;
			buildActionMask = 2147483647;
			files = (
			);
			runOnlyForDeploymentPostprocessing = 0;
		};
/* End PBXResourcesBuildPhase section */

/* Begin PBXShellScriptBuildPhase section */
		24F7B8E595FDDCC960D6FB07 /* Embed Pods Frameworks */ = {
			isa = PBXShellScriptBuildPhase;
			buildActionMask = 2147483647;
			files = (
			);
			inputPaths = (
			);
			name = "Embed Pods Frameworks";
			outputPaths = (
			);
			runOnlyForDeploymentPostprocessing = 0;
			shellPath = /bin/sh;
			shellScript = "\"${SRCROOT}/Pods/Target Support Files/Pods/Pods-frameworks.sh\"\n";
			showEnvVarsInLog = 0;
		};
		79B4CB8726E98960733F5577 /* Check Pods Manifest.lock */ = {
			isa = PBXShellScriptBuildPhase;
			buildActionMask = 2147483647;
			files = (
			);
			inputPaths = (
			);
			name = "Check Pods Manifest.lock";
			outputPaths = (
			);
			runOnlyForDeploymentPostprocessing = 0;
			shellPath = /bin/sh;
			shellScript = "diff \"${PODS_ROOT}/../Podfile.lock\" \"${PODS_ROOT}/Manifest.lock\" > /dev/null\nif [[ $? != 0 ]] ; then\n    cat << EOM\nerror: The sandbox is not in sync with the Podfile.lock. Run 'pod install' or update your CocoaPods installation.\nEOM\n    exit 1\nfi\n";
			showEnvVarsInLog = 0;
		};
		C3982B7DCC96EFF8C5020DFA /* Copy Pods Resources */ = {
			isa = PBXShellScriptBuildPhase;
			buildActionMask = 2147483647;
			files = (
			);
			inputPaths = (
			);
			name = "Copy Pods Resources";
			outputPaths = (
			);
			runOnlyForDeploymentPostprocessing = 0;
			shellPath = /bin/sh;
			shellScript = "\"${SRCROOT}/Pods/Target Support Files/Pods/Pods-resources.sh\"\n";
			showEnvVarsInLog = 0;
		};
/* End PBXShellScriptBuildPhase section */

/* Begin PBXSourcesBuildPhase section */
		CAAC98851CDE384B002DAA3E /* Sources */ = {
			isa = PBXSourcesBuildPhase;
			buildActionMask = 2147483647;
			files = (
				CA21BE3F1CE0C8230086D305 /* Const.m in Sources */,
				CA21BE361CE0C24E0086D305 /* ACChannelViewController.m in Sources */,
				CA21BE4D1CE1F2F10086D305 /* UIImage+OriginImage.m in Sources */,
				CA21BE291CE0A98F0086D305 /* main.m in Sources */,
				CAB0EE7E1CE36AE300BA96BF /* HomeSectionCell.m in Sources */,
				CAB0EE851CE3808E00BA96BF /* HomeSectionItem.m in Sources */,
				CA21BE301CE0C1610086D305 /* ACTabBarController.m in Sources */,
				CA21BE211CE0A98F0086D305 /* AFHTTPSessionManager.m in Sources */,
				CA21BE261CE0A98F0086D305 /* AFURLSessionManager.m in Sources */,
				CA21BE3C1CE0C2970086D305 /* ACMineViewController.m in Sources */,
				CA21BE271CE0A98F0086D305 /* AppDelegate.m in Sources */,
				CAB0EE721CE35AB700BA96BF /* ACHomeCollectionView.m in Sources */,
				CA21BE231CE0A98F0086D305 /* AFSecurityPolicy.m in Sources */,
				CA21BE241CE0A98F0086D305 /* AFURLRequestSerialization.m in Sources */,
				CA21BE331CE0C1F40086D305 /* ACHomePageViewController.m in Sources */,
				CA25BA131CE61B050089E8D1 /* ACTabBarButton.m in Sources */,
				CAB0EE311CE310B000BA96BF /* UIView+frame.m in Sources */,
				CA21BE441CE0D0340086D305 /* ACNavigationController.m in Sources */,
				CA21BE221CE0A98F0086D305 /* AFNetworkReachabilityManager.m in Sources */,
				CA21BE391CE0C2740086D305 /* ACAttentionViewController.m in Sources */,
				CA21BE251CE0A98F0086D305 /* AFURLResponseSerialization.m in Sources */,
				CAB0EE751CE35B8800BA96BF /* HomeVedioCell.m in Sources */,
				CAAC989A1CDE384B002DAA3E /* Acfun.xcdatamodeld in Sources */,
				CA25BA101CE609860089E8D1 /* ACTabBar.m in Sources */,
			);
			runOnlyForDeploymentPostprocessing = 0;
		};
		CAAC98A11CDE384B002DAA3E /* Sources */ = {
			isa = PBXSourcesBuildPhase;
			buildActionMask = 2147483647;
			files = (
				CAAC98AA1CDE384B002DAA3E /* AcfunTests.m in Sources */,
			);
			runOnlyForDeploymentPostprocessing = 0;
		};
		CAAC98AC1CDE384B002DAA3E /* Sources */ = {
			isa = PBXSourcesBuildPhase;
			buildActionMask = 2147483647;
			files = (
				CAAC98B51CDE384B002DAA3E /* AcfunUITests.m in Sources */,
			);
			runOnlyForDeploymentPostprocessing = 0;
		};
/* End PBXSourcesBuildPhase section */

/* Begin PBXTargetDependency section */
		CAAC98A71CDE384B002DAA3E /* PBXTargetDependency */ = {
			isa = PBXTargetDependency;
			target = CAAC98881CDE384B002DAA3E /* Acfun */;
			targetProxy = CAAC98A61CDE384B002DAA3E /* PBXContainerItemProxy */;
		};
		CAAC98B21CDE384B002DAA3E /* PBXTargetDependency */ = {
			isa = PBXTargetDependency;
			target = CAAC98881CDE384B002DAA3E /* Acfun */;
			targetProxy = CAAC98B11CDE384B002DAA3E /* PBXContainerItemProxy */;
		};
/* End PBXTargetDependency section */

/* Begin PBXVariantGroup section */
		CAAC98951CDE384B002DAA3E /* Main.storyboard */ = {
			isa = PBXVariantGroup;
			children = (
				CAAC98961CDE384B002DAA3E /* Base */,
			);
			name = Main.storyboard;
			sourceTree = "<group>";
		};
		CAAC989D1CDE384B002DAA3E /* LaunchScreen.storyboard */ = {
			isa = PBXVariantGroup;
			children = (
				CAAC989E1CDE384B002DAA3E /* Base */,
			);
			name = LaunchScreen.storyboard;
			sourceTree = "<group>";
		};
/* End PBXVariantGroup section */

/* Begin XCBuildConfiguration section */
		CAAC98B71CDE384B002DAA3E /* Debug */ = {
			isa = XCBuildConfiguration;
			buildSettings = {
				ALWAYS_SEARCH_USER_PATHS = NO;
				CLANG_ANALYZER_NONNULL = YES;
				CLANG_CXX_LANGUAGE_STANDARD = "gnu++0x";
				CLANG_CXX_LIBRARY = "libc++";
				CLANG_ENABLE_MODULES = YES;
				CLANG_ENABLE_OBJC_ARC = YES;
				CLANG_WARN_BOOL_CONVERSION = YES;
				CLANG_WARN_CONSTANT_CONVERSION = YES;
				CLANG_WARN_DIRECT_OBJC_ISA_USAGE = YES_ERROR;
				CLANG_WARN_EMPTY_BODY = YES;
				CLANG_WARN_ENUM_CONVERSION = YES;
				CLANG_WARN_INT_CONVERSION = YES;
				CLANG_WARN_OBJC_ROOT_CLASS = YES_ERROR;
				CLANG_WARN_UNREACHABLE_CODE = YES;
				CLANG_WARN__DUPLICATE_METHOD_MATCH = YES;
				"CODE_SIGN_IDENTITY[sdk=iphoneos*]" = "iPhone Developer";
				COPY_PHASE_STRIP = NO;
				DEBUG_INFORMATION_FORMAT = dwarf;
				ENABLE_STRICT_OBJC_MSGSEND = YES;
				ENABLE_TESTABILITY = YES;
				GCC_C_LANGUAGE_STANDARD = gnu99;
				GCC_DYNAMIC_NO_PIC = NO;
				GCC_NO_COMMON_BLOCKS = YES;
				GCC_OPTIMIZATION_LEVEL = 0;
				GCC_PREPROCESSOR_DEFINITIONS = (
					"DEBUG=1",
					"$(inherited)",
				);
				GCC_WARN_64_TO_32_BIT_CONVERSION = YES;
				GCC_WARN_ABOUT_RETURN_TYPE = YES_ERROR;
				GCC_WARN_UNDECLARED_SELECTOR = YES;
				GCC_WARN_UNINITIALIZED_AUTOS = YES_AGGRESSIVE;
				GCC_WARN_UNUSED_FUNCTION = YES;
				GCC_WARN_UNUSED_VARIABLE = YES;
				IPHONEOS_DEPLOYMENT_TARGET = 8.0;
				MTL_ENABLE_DEBUG_INFO = YES;
				ONLY_ACTIVE_ARCH = YES;
				SDKROOT = iphoneos;
				TARGETED_DEVICE_FAMILY = "1,2";
			};
			name = Debug;
		};
		CAAC98B81CDE384B002DAA3E /* Release */ = {
			isa = XCBuildConfiguration;
			buildSettings = {
				ALWAYS_SEARCH_USER_PATHS = NO;
				CLANG_ANALYZER_NONNULL = YES;
				CLANG_CXX_LANGUAGE_STANDARD = "gnu++0x";
				CLANG_CXX_LIBRARY = "libc++";
				CLANG_ENABLE_MODULES = YES;
				CLANG_ENABLE_OBJC_ARC = YES;
				CLANG_WARN_BOOL_CONVERSION = YES;
				CLANG_WARN_CONSTANT_CONVERSION = YES;
				CLANG_WARN_DIRECT_OBJC_ISA_USAGE = YES_ERROR;
				CLANG_WARN_EMPTY_BODY = YES;
				CLANG_WARN_ENUM_CONVERSION = YES;
				CLANG_WARN_INT_CONVERSION = YES;
				CLANG_WARN_OBJC_ROOT_CLASS = YES_ERROR;
				CLANG_WARN_UNREACHABLE_CODE = YES;
				CLANG_WARN__DUPLICATE_METHOD_MATCH = YES;
				"CODE_SIGN_IDENTITY[sdk=iphoneos*]" = "iPhone Developer";
				COPY_PHASE_STRIP = NO;
				DEBUG_INFORMATION_FORMAT = "dwarf-with-dsym";
				ENABLE_NS_ASSERTIONS = NO;
				ENABLE_STRICT_OBJC_MSGSEND = YES;
				GCC_C_LANGUAGE_STANDARD = gnu99;
				GCC_NO_COMMON_BLOCKS = YES;
				GCC_WARN_64_TO_32_BIT_CONVERSION = YES;
				GCC_WARN_ABOUT_RETURN_TYPE = YES_ERROR;
				GCC_WARN_UNDECLARED_SELECTOR = YES;
				GCC_WARN_UNINITIALIZED_AUTOS = YES_AGGRESSIVE;
				GCC_WARN_UNUSED_FUNCTION = YES;
				GCC_WARN_UNUSED_VARIABLE = YES;
				IPHONEOS_DEPLOYMENT_TARGET = 8.0;
				MTL_ENABLE_DEBUG_INFO = NO;
				SDKROOT = iphoneos;
				TARGETED_DEVICE_FAMILY = "1,2";
				VALIDATE_PRODUCT = YES;
			};
			name = Release;
		};
		CAAC98BA1CDE384B002DAA3E /* Debug */ = {
			isa = XCBuildConfiguration;
			baseConfigurationReference = DBEE0FFF252A53EB857A5CC0 /* Pods.debug.xcconfig */;
			buildSettings = {
				ASSETCATALOG_COMPILER_APPICON_NAME = AppIcon;
				CODE_SIGN_IDENTITY = "iPhone Developer";
				"CODE_SIGN_IDENTITY[sdk=iphoneos*]" = "iPhone Developer";
				GCC_PREFIX_HEADER = Acfun/Classes/Others/Static/ACfun.pch;
				INFOPLIST_FILE = "$(SRCROOT)/Acfun/Classes/Others/System/Info.plist";
				LD_RUNPATH_SEARCH_PATHS = "$(inherited) @executable_path/Frameworks";
				PRODUCT_BUNDLE_IDENTIFIER = hehe.Acfun;
				PRODUCT_NAME = "$(TARGET_NAME)";
				PROVISIONING_PROFILE = "";
			};
			name = Debug;
		};
		CAAC98BB1CDE384B002DAA3E /* Release */ = {
			isa = XCBuildConfiguration;
			baseConfigurationReference = 5DFCBD9CC4E6EBF75943DF8E /* Pods.release.xcconfig */;
			buildSettings = {
				ASSETCATALOG_COMPILER_APPICON_NAME = AppIcon;
				CODE_SIGN_IDENTITY = "iPhone Developer";
				"CODE_SIGN_IDENTITY[sdk=iphoneos*]" = "iPhone Developer";
				GCC_PREFIX_HEADER = Acfun/Classes/Others/Static/ACfun.pch;
				INFOPLIST_FILE = "$(SRCROOT)/Acfun/Classes/Others/System/Info.plist";
				LD_RUNPATH_SEARCH_PATHS = "$(inherited) @executable_path/Frameworks";
				PRODUCT_BUNDLE_IDENTIFIER = hehe.Acfun;
				PRODUCT_NAME = "$(TARGET_NAME)";
				PROVISIONING_PROFILE = "";
			};
			name = Release;
		};
		CAAC98BD1CDE384B002DAA3E /* Debug */ = {
			isa = XCBuildConfiguration;
			buildSettings = {
				BUNDLE_LOADER = "$(TEST_HOST)";
				INFOPLIST_FILE = AcfunTests/Info.plist;
				LD_RUNPATH_SEARCH_PATHS = "$(inherited) @executable_path/Frameworks @loader_path/Frameworks";
				PRODUCT_BUNDLE_IDENTIFIER = hehe.AcfunTests;
				PRODUCT_NAME = "$(TARGET_NAME)";
				TEST_HOST = "$(BUILT_PRODUCTS_DIR)/Acfun.app/Acfun";
			};
			name = Debug;
		};
		CAAC98BE1CDE384B002DAA3E /* Release */ = {
			isa = XCBuildConfiguration;
			buildSettings = {
				BUNDLE_LOADER = "$(TEST_HOST)";
				INFOPLIST_FILE = AcfunTests/Info.plist;
				LD_RUNPATH_SEARCH_PATHS = "$(inherited) @executable_path/Frameworks @loader_path/Frameworks";
				PRODUCT_BUNDLE_IDENTIFIER = hehe.AcfunTests;
				PRODUCT_NAME = "$(TARGET_NAME)";
				TEST_HOST = "$(BUILT_PRODUCTS_DIR)/Acfun.app/Acfun";
			};
			name = Release;
		};
		CAAC98C01CDE384B002DAA3E /* Debug */ = {
			isa = XCBuildConfiguration;
			buildSettings = {
				INFOPLIST_FILE = AcfunUITests/Info.plist;
				LD_RUNPATH_SEARCH_PATHS = "$(inherited) @executable_path/Frameworks @loader_path/Frameworks";
				PRODUCT_BUNDLE_IDENTIFIER = hehe.AcfunUITests;
				PRODUCT_NAME = "$(TARGET_NAME)";
				TEST_TARGET_NAME = Acfun;
			};
			name = Debug;
		};
		CAAC98C11CDE384B002DAA3E /* Release */ = {
			isa = XCBuildConfiguration;
			buildSettings = {
				INFOPLIST_FILE = AcfunUITests/Info.plist;
				LD_RUNPATH_SEARCH_PATHS = "$(inherited) @executable_path/Frameworks @loader_path/Frameworks";
				PRODUCT_BUNDLE_IDENTIFIER = hehe.AcfunUITests;
				PRODUCT_NAME = "$(TARGET_NAME)";
				TEST_TARGET_NAME = Acfun;
			};
			name = Release;
		};
/* End XCBuildConfiguration section */

/* Begin XCConfigurationList section */
		CAAC98841CDE384B002DAA3E /* Build configuration list for PBXProject "Acfun" */ = {
			isa = XCConfigurationList;
			buildConfigurations = (
				CAAC98B71CDE384B002DAA3E /* Debug */,
				CAAC98B81CDE384B002DAA3E /* Release */,
			);
			defaultConfigurationIsVisible = 0;
			defaultConfigurationName = Release;
		};
		CAAC98B91CDE384B002DAA3E /* Build configuration list for PBXNativeTarget "Acfun" */ = {
			isa = XCConfigurationList;
			buildConfigurations = (
				CAAC98BA1CDE384B002DAA3E /* Debug */,
				CAAC98BB1CDE384B002DAA3E /* Release */,
			);
			defaultConfigurationIsVisible = 0;
			defaultConfigurationName = Release;
		};
		CAAC98BC1CDE384B002DAA3E /* Build configuration list for PBXNativeTarget "AcfunTests" */ = {
			isa = XCConfigurationList;
			buildConfigurations = (
				CAAC98BD1CDE384B002DAA3E /* Debug */,
				CAAC98BE1CDE384B002DAA3E /* Release */,
			);
			defaultConfigurationIsVisible = 0;
			defaultConfigurationName = Release;
		};
		CAAC98BF1CDE384B002DAA3E /* Build configuration list for PBXNativeTarget "AcfunUITests" */ = {
			isa = XCConfigurationList;
			buildConfigurations = (
				CAAC98C01CDE384B002DAA3E /* Debug */,
				CAAC98C11CDE384B002DAA3E /* Release */,
			);
			defaultConfigurationIsVisible = 0;
			defaultConfigurationName = Release;
		};
/* End XCConfigurationList section */

/* Begin XCVersionGroup section */
		CAAC98981CDE384B002DAA3E /* Acfun.xcdatamodeld */ = {
			isa = XCVersionGroup;
			children = (
				CAAC98991CDE384B002DAA3E /* Acfun.xcdatamodel */,
			);
			currentVersion = CAAC98991CDE384B002DAA3E /* Acfun.xcdatamodel */;
			path = Acfun.xcdatamodeld;
			sourceTree = "<group>";
			versionGroupType = wrapper.xcdatamodel;
		};
/* End XCVersionGroup section */
	};
	rootObject = CAAC98811CDE384B002DAA3E /* Project object */;
}
